<Solution>
  <Configurations>
    <Platform Name="Any CPU" />
    <Platform Name="x64" />
    <Platform Name="x86" />
  </Configurations>
  <Folder Name="/Solution Items/">
    <File Path=".editorconfig" />
    <File Path="Directory.Build.props" />
    <File Path="Directory.Packages.props" />
    <File Path="README.md" />
  </Folder>
  <Folder Name="/src/">
    <Project Path="ReactWeaver.Client/ReactWeaver.Client.esproj">
      <Platform Project="AnyCPU" />
    </Project>
    <Project Path="ReactWeaver.Resources/ReactWeaver.Resources.csproj" Id="a563f644-37b0-41d4-86bf-7ceca0ada326" />
    <Project Path="ReactWeaver.Server/ReactWeaver.Server.csproj" />
    <Project Path="ReactWeaver.Tests/ReactWeaver.Tests.csproj" />
  </Folder>
</Solution>
